<?xml version="1.0" encoding="utf-8"?>
<Project ToolsVersion="4.0" xmlns="http://schemas.microsoft.com/developer/msbuild/2003">
  <ItemGroup>
    <Filter Include="Source Files">
      <UniqueIdentifier>{4FC737F1-C7A5-4376-A066-2A32D752A2FF}</UniqueIdentifier>
      <Extensions>cpp;c;cc;cxx;def;odl;idl;hpj;bat;asm;asmx</Extensions>
    </Filter>
    <Filter Include="Header Files">
      <UniqueIdentifier>{93995380-89BD-4b04-88EB-625FBE52EBFB}</UniqueIdentifier>
      <Extensions>h;hh;hpp;hxx;hm;inl;inc;xsd</Extensions>
    </Filter>
    <Filter Include="Resource Files">
      <UniqueIdentifier>{67DA6AB6-F800-4c08-8B7A-83BB121AAD01}</UniqueIdentifier>
      <Extensions>rc;ico;cur;bmp;dlg;rc2;rct;bin;rgs;gif;jpg;jpeg;jpe;resx;tiff;tif;png;wav;mfcribbon-ms</Extensions>
    </Filter>
    <Filter Include="Source Files\Engine">
      <UniqueIdentifier>{86e478dc-c98b-4d6a-8671-74f4887c8bc9}</UniqueIdentifier>
    </Filter>
    <Filter Include="Source Files\Generater">
      <UniqueIdentifier>{4a76dd0f-c4db-4feb-a969-f28175517500}</UniqueIdentifier>
    </Filter>
    <Filter Include="Source Files\Engine\Transformations">
      <UniqueIdentifier>{e4a05b3e-e68c-468d-a5e5-6692c1ae4e4a}</UniqueIdentifier>
    </Filter>
  </ItemGroup>
  <ItemGroup>
    <ClCompile Include="engine.cpp">
      <Filter>Source Files\Engine</Filter>
    </ClCompile>
    <ClCompile Include="generator.cpp">
      <Filter>Source Files\Generater</Filter>
    </ClCompile>
    <ClCompile Include="Ponto.cpp">
      <Filter>Source Files</Filter>
    </ClCompile>
    <ClCompile Include="Escala.cpp">
      <Filter>Source Files\Engine\Transformations</Filter>
    </ClCompile>
    <ClCompile Include="Color.cpp">
      <Filter>Source Files\Engine</Filter>
    </ClCompile>
    <ClCompile Include="Figura.cpp">
      <Filter>Source Files\Engine</Filter>
    </ClCompile>
    <ClCompile Include="tinyxmlparser.cpp">
      <Filter>Source Files\Engine</Filter>
    </ClCompile>
    <ClCompile Include="tinyxmlerror.cpp">
      <Filter>Source Files\Engine</Filter>
    </ClCompile>
    <ClCompile Include="tinyxml.cpp">
      <Filter>Source Files\Engine</Filter>
    </ClCompile>
    <ClCompile Include="tinystr.cpp">
      <Filter>Source Files\Engine</Filter>
    </ClCompile>
    <ClCompile Include="Referencial.cpp">
      <Filter>Source Files\Engine</Filter>
    </ClCompile>
    <ClCompile Include="Rotacao.cpp">
      <Filter>Source Files\Engine\Transformations</Filter>
    </ClCompile>
    <ClCompile Include="Translacao.cpp">
      <Filter>Source Files\Engine\Transformations</Filter>
    </ClCompile>
    <ClCompile Include="Patch.cpp">
      <Filter>Source Files\Generater</Filter>
    </ClCompile>
    <ClCompile Include="Transformation.cpp">
      <Filter>Source Files\Engine\Transformations</Filter>
    </ClCompile>
    <ClCompile Include="Reader.cpp">
      <Filter>Source Files\Engine</Filter>
    </ClCompile>
    <ClCompile Include="Scene.cpp">
      <Filter>Source Files\Engine</Filter>
    </ClCompile>
    <ClCompile Include="Light.cpp">
      <Filter>Source Files\Engine</Filter>
    </ClCompile>
  </ItemGroup>
  <ItemGroup>
    <ClInclude Include="Ponto.h">
      <Filter>Header Files</Filter>
    </ClInclude>
    <ClInclude Include="Figura.h">
      <Filter>Header Files</Filter>
    </ClInclude>
    <ClInclude Include="Color.h">
      <Filter>Header Files</Filter>
    </ClInclude>
    <ClInclude Include="tinystr.h">
      <Filter>Header Files</Filter>
    </ClInclude>
    <ClInclude Include="tinyxml.h">
      <Filter>Header Files</Filter>
    </ClInclude>
    <ClInclude Include="Referencial.h">
      <Filter>Header Files</Filter>
    </ClInclude>
    <ClInclude Include="Escala.h">
      <Filter>Header Files</Filter>
    </ClInclude>
    <ClInclude Include="Translacao.h">
      <Filter>Header Files</Filter>
    </ClInclude>
    <ClInclude Include="Rotacao.h">
      <Filter>Header Files</Filter>
    </ClInclude>
    <ClInclude Include="Patch.h">
      <Filter>Header Files</Filter>
    </ClInclude>
    <ClInclude Include="Transformation.h">
      <Filter>Header Files</Filter>
    </ClInclude>
    <ClInclude Include="Light.h">
      <Filter>Header Files</Filter>
    </ClInclude>
    <ClInclude Include="Reader.h">
      <Filter>Header Files</Filter>
    </ClInclude>
    <ClInclude Include="Scene.h">
      <Filter>Header Files</Filter>
    </ClInclude>
  </ItemGroup>
  <ItemGroup>
    <Xml Include="scene.xml">
      <Filter>Resource Files</Filter>
    </Xml>
    <Xml Include="teste.xml">
      <Filter>Resource Files</Filter>
    </Xml>
  </ItemGroup>
</Project>